
Microsoft Visual Studio Solution File, Format Version 12.00
# Visual Studio Version 16
VisualStudioVersion = 16.0.31729.503
MinimumVisualStudioVersion = 10.0.40219.1
Project("{FAE04EC0-301F-11D3-BF4B-00C04F79EFBC}") = "NorthwindWebApi", "NorthwindWebApi\NorthwindWebApi.csproj", "{3C641F90-80AE-4706-8BE7-22619E2794D0}"
EndProject
Global
	GlobalSection(SolutionConfigurationPlatforms) = preSolution
		Debug|Any CPU = Debug|Any CPU
		Release|Any CPU = Release|Any CPU
	EndGlobalSection
	GlobalSection(ProjectConfigurationPlatforms) = postSolution
		{3C641F90-80AE-4706-8BE7-22619E2794D0}.Debug|Any CPU.ActiveCfg = Debug|Any CPU
		{3C641F90-80AE-4706-8BE7-22619E2794D0}.Debug|Any CPU.Build.0 = Debug|Any CPU
		{3C641F90-80AE-4706-8BE7-22619E2794D0}.Release|Any CPU.ActiveCfg = Release|Any CPU
		{3C641F90-80AE-4706-8BE7-22619E2794D0}.Release|Any CPU.Build.0 = Release|Any CPU
	EndGlobalSection
	GlobalSection(SolutionProperties) = preSolution
		HideSolutionNode = FALSE
	EndGlobalSection
	GlobalSection(ExtensibilityGlobals) = postSolution
		SolutionGuid = {24DC36FD-2508-4BE8-A065-61208FEE1C3B}
	EndGlobalSection
EndGlobal
